
Microsoft Visual Studio Solution File, Format Version 12.00
# Visual Studio Version 17
VisualStudioVersion = 17.9.34723.18
MinimumVisualStudioVersion = 10.0.40219.1
Project("{FAE04EC0-301F-11D3-BF4B-00C04F79EFBC}") = "groceries-webshop", "groceries-webshop.csproj", "{94CB9F6C-55D8-48A5-9077-8E1CDAE44930}"
EndProject
Global
	GlobalSection(SolutionConfigurationPlatforms) = preSolution
		Debug|Any CPU = Debug|Any CPU
		Release|Any CPU = Release|Any CPU
	EndGlobalSection
	GlobalSection(ProjectConfigurationPlatforms) = postSolution
		{94CB9F6C-55D8-48A5-9077-8E1CDAE44930}.Debug|Any CPU.ActiveCfg = Debug|Any CPU
		{94CB9F6C-55D8-48A5-9077-8E1CDAE44930}.Debug|Any CPU.Build.0 = Debug|Any CPU
		{94CB9F6C-55D8-48A5-9077-8E1CDAE44930}.Release|Any CPU.ActiveCfg = Release|Any CPU
		{94CB9F6C-55D8-48A5-9077-8E1CDAE44930}.Release|Any CPU.Build.0 = Release|Any CPU
	EndGlobalSection
	GlobalSection(SolutionProperties) = preSolution
		HideSolutionNode = FALSE
	EndGlobalSection
	GlobalSection(ExtensibilityGlobals) = postSolution
		SolutionGuid = {3D34D1AF-E126-4B5E-AC70-8D884CBA2BAD}
	EndGlobalSection
EndGlobal
